%{"certifi": {:hex, :certifi, "0.4.0"},
  "hackney": {:hex, :hackney, "1.6.0"},
  "httpoison": {:hex, :httpoison, "0.8.3"},
  "idna": {:hex, :idna, "1.2.0"},
  "metrics": {:hex, :metrics, "1.0.1"},
  "mimerl": {:hex, :mimerl, "1.0.2"},
  "murmur": {:hex, :murmur, "1.0.0"},
  "poison": {:hex, :poison, "2.0.1"},
  "riakc_common": {:git, "https://github.com/riakc/riakc_common.git", "e3b10797b77b0d024ea8adce0e7f3553793c3abc", []},
  "ssl_verify_fun": {:hex, :ssl_verify_fun, "1.1.0"}}
